
Microsoft Visual Studio Solution File, Format Version 12.00
# Visual Studio Version 17
VisualStudioVersion = 17.2.32414.248
MinimumVisualStudioVersion = 10.0.40219.1
Project("{9A19103F-16F7-4668-BE54-9A1E7A4F7556}") = "Lesson04", "Project01\Lesson04.csproj", "{3A933248-389F-460E-B5B0-BC73D8E6D5F4}"
EndProject
Project("{9A19103F-16F7-4668-BE54-9A1E7A4F7556}") = "ProjectsWithDLLs", "ProjectsWithDLLs\ProjectsWithDLLs.csproj", "{5141EB62-4207-46F8-871D-257B1EF6C9E0}"
EndProject
Global
	GlobalSection(SolutionConfigurationPlatforms) = preSolution
		Debug|Any CPU = Debug|Any CPU
		Debug|x64 = Debug|x64
		Release|Any CPU = Release|Any CPU
		Release|x64 = Release|x64
	EndGlobalSection
	GlobalSection(ProjectConfigurationPlatforms) = postSolution
		{3A933248-389F-460E-B5B0-BC73D8E6D5F4}.Debug|Any CPU.ActiveCfg = Debug|x64
		{3A933248-389F-460E-B5B0-BC73D8E6D5F4}.Debug|Any CPU.Build.0 = Debug|x64
		{3A933248-389F-460E-B5B0-BC73D8E6D5F4}.Debug|x64.ActiveCfg = Debug|x64
		{3A933248-389F-460E-B5B0-BC73D8E6D5F4}.Debug|x64.Build.0 = Debug|x64
		{3A933248-389F-460E-B5B0-BC73D8E6D5F4}.Release|Any CPU.ActiveCfg = Release|Any CPU
		{3A933248-389F-460E-B5B0-BC73D8E6D5F4}.Release|Any CPU.Build.0 = Release|Any CPU
		{3A933248-389F-460E-B5B0-BC73D8E6D5F4}.Release|x64.ActiveCfg = Release|x64
		{3A933248-389F-460E-B5B0-BC73D8E6D5F4}.Release|x64.Build.0 = Release|x64
		{5141EB62-4207-46F8-871D-257B1EF6C9E0}.Debug|Any CPU.ActiveCfg = Debug|Any CPU
		{5141EB62-4207-46F8-871D-257B1EF6C9E0}.Debug|Any CPU.Build.0 = Debug|Any CPU
		{5141EB62-4207-46F8-871D-257B1EF6C9E0}.Debug|x64.ActiveCfg = Debug|x64
		{5141EB62-4207-46F8-871D-257B1EF6C9E0}.Debug|x64.Build.0 = Debug|x64
		{5141EB62-4207-46F8-871D-257B1EF6C9E0}.Release|Any CPU.ActiveCfg = Release|Any CPU
		{5141EB62-4207-46F8-871D-257B1EF6C9E0}.Release|Any CPU.Build.0 = Release|Any CPU
		{5141EB62-4207-46F8-871D-257B1EF6C9E0}.Release|x64.ActiveCfg = Release|x64
		{5141EB62-4207-46F8-871D-257B1EF6C9E0}.Release|x64.Build.0 = Release|x64
	EndGlobalSection
	GlobalSection(SolutionProperties) = preSolution
		HideSolutionNode = FALSE
	EndGlobalSection
	GlobalSection(ExtensibilityGlobals) = postSolution
		SolutionGuid = {6E5718A7-7EEA-4321-BA52-0947A04B70D2}
	EndGlobalSection
EndGlobal
